
Microsoft Visual Studio Solution File, Format Version 12.00
# Visual Studio Version 17
VisualStudioVersion = 17.5.002.0
MinimumVisualStudioVersion = 10.0.40219.1
Project("{9A19103F-16F7-4668-BE54-9A1E7A4F7556}") = "TrilhaApiDesafio", "TrilhaApiDesafio.csproj", "{33EAC3F3-7ED7-4CEC-9D79-991C04E91230}"
EndProject
Global
	GlobalSection(SolutionConfigurationPlatforms) = preSolution
		Debug|Any CPU = Debug|Any CPU
		Release|Any CPU = Release|Any CPU
	EndGlobalSection
	GlobalSection(ProjectConfigurationPlatforms) = postSolution
		{33EAC3F3-7ED7-4CEC-9D79-991C04E91230}.Debug|Any CPU.ActiveCfg = Debug|Any CPU
		{33EAC3F3-7ED7-4CEC-9D79-991C04E91230}.Debug|Any CPU.Build.0 = Debug|Any CPU
		{33EAC3F3-7ED7-4CEC-9D79-991C04E91230}.Release|Any CPU.ActiveCfg = Release|Any CPU
		{33EAC3F3-7ED7-4CEC-9D79-991C04E91230}.Release|Any CPU.Build.0 = Release|Any CPU
	EndGlobalSection
	GlobalSection(SolutionProperties) = preSolution
		HideSolutionNode = FALSE
	EndGlobalSection
	GlobalSection(ExtensibilityGlobals) = postSolution
		SolutionGuid = {1F5E3BF5-A5DB-4B66-B42E-1F3A300C62ED}
	EndGlobalSection
EndGlobal
